
Microsoft Visual Studio Solution File, Format Version 12.00
# Visual Studio Version 16
VisualStudioVersion = 16.0.30717.126
MinimumVisualStudioVersion = 10.0.40219.1
Project("{FAE04EC0-301F-11D3-BF4B-00C04F79EFBC}") = "CIF_VALOR_MERCANCIA", "CIF_VALOR_MERCANCIA.csproj", "{6AC320B4-3234-4123-8AFF-B65DA3B448AA}"
EndProject
Project("{FAE04EC0-301F-11D3-BF4B-00C04F79EFBC}") = "ValorMercaciaV5", "..\ValorMercaciaV5\ValorMercaciaV5.csproj", "{79501BEB-4702-40F4-BC21-E92A4B8DA80C}"
	ProjectSection(ProjectDependencies) = postProject
		{56F4849F-31F7-49C9-889A-8F9B7228A9A2} = {56F4849F-31F7-49C9-889A-8F9B7228A9A2}
		{6AC320B4-3234-4123-8AFF-B65DA3B448AA} = {6AC320B4-3234-4123-8AFF-B65DA3B448AA}
	EndProjectSection
EndProject
Project("{FAE04EC0-301F-11D3-BF4B-00C04F79EFBC}") = "BenchTestCIFDLL", "..\BenchTestCIFDLL\BenchTestCIFDLL.csproj", "{CDD7B2E9-DD06-4A99-93C2-03BAAF2515EF}"
EndProject
Project("{FAE04EC0-301F-11D3-BF4B-00C04F79EFBC}") = "JSON_VALOR_MERCANCIA_CIF", "..\JSON_VALOR_MERCANCIA_CIF\JSON_VALOR_MERCANCIA_CIF.csproj", "{56F4849F-31F7-49C9-889A-8F9B7228A9A2}"
EndProject
Global
	GlobalSection(SolutionConfigurationPlatforms) = preSolution
		Debug|Any CPU = Debug|Any CPU
		Release|Any CPU = Release|Any CPU
	EndGlobalSection
	GlobalSection(ProjectConfigurationPlatforms) = postSolution
		{6AC320B4-3234-4123-8AFF-B65DA3B448AA}.Debug|Any CPU.ActiveCfg = Debug|Any CPU
		{6AC320B4-3234-4123-8AFF-B65DA3B448AA}.Debug|Any CPU.Build.0 = Debug|Any CPU
		{6AC320B4-3234-4123-8AFF-B65DA3B448AA}.Release|Any CPU.ActiveCfg = Release|Any CPU
		{6AC320B4-3234-4123-8AFF-B65DA3B448AA}.Release|Any CPU.Build.0 = Release|Any CPU
		{79501BEB-4702-40F4-BC21-E92A4B8DA80C}.Debug|Any CPU.ActiveCfg = Debug|Any CPU
		{79501BEB-4702-40F4-BC21-E92A4B8DA80C}.Debug|Any CPU.Build.0 = Debug|Any CPU
		{79501BEB-4702-40F4-BC21-E92A4B8DA80C}.Release|Any CPU.ActiveCfg = Release|Any CPU
		{79501BEB-4702-40F4-BC21-E92A4B8DA80C}.Release|Any CPU.Build.0 = Release|Any CPU
		{CDD7B2E9-DD06-4A99-93C2-03BAAF2515EF}.Debug|Any CPU.ActiveCfg = Debug|Any CPU
		{CDD7B2E9-DD06-4A99-93C2-03BAAF2515EF}.Debug|Any CPU.Build.0 = Debug|Any CPU
		{CDD7B2E9-DD06-4A99-93C2-03BAAF2515EF}.Release|Any CPU.ActiveCfg = Release|Any CPU
		{CDD7B2E9-DD06-4A99-93C2-03BAAF2515EF}.Release|Any CPU.Build.0 = Release|Any CPU
		{56F4849F-31F7-49C9-889A-8F9B7228A9A2}.Debug|Any CPU.ActiveCfg = Debug|Any CPU
		{56F4849F-31F7-49C9-889A-8F9B7228A9A2}.Debug|Any CPU.Build.0 = Debug|Any CPU
		{56F4849F-31F7-49C9-889A-8F9B7228A9A2}.Release|Any CPU.ActiveCfg = Release|Any CPU
		{56F4849F-31F7-49C9-889A-8F9B7228A9A2}.Release|Any CPU.Build.0 = Release|Any CPU
	EndGlobalSection
	GlobalSection(SolutionProperties) = preSolution
		HideSolutionNode = FALSE
	EndGlobalSection
	GlobalSection(ExtensibilityGlobals) = postSolution
		SolutionGuid = {F5A273D7-48D5-494E-BB1B-DE0F3735697B}
	EndGlobalSection
EndGlobal
